
Microsoft Visual Studio Solution File, Format Version 12.00
# Visual Studio Version 16
VisualStudioVersion = 16.0.31205.134
MinimumVisualStudioVersion = 10.0.40219.1
Project("{FAE04EC0-301F-11D3-BF4B-00C04F79EFBC}") = "Kabutto", "Kabutto\Kabutto.csproj", "{9900BBCA-48D4-4236-A37A-3E357EF66284}"
EndProject
Global
	GlobalSection(SolutionConfigurationPlatforms) = preSolution
		Debug|Any CPU = Debug|Any CPU
		Release|Any CPU = Release|Any CPU
	EndGlobalSection
	GlobalSection(ProjectConfigurationPlatforms) = postSolution
		{9900BBCA-48D4-4236-A37A-3E357EF66284}.Debug|Any CPU.ActiveCfg = Debug|Any CPU
		{9900BBCA-48D4-4236-A37A-3E357EF66284}.Debug|Any CPU.Build.0 = Debug|Any CPU
		{9900BBCA-48D4-4236-A37A-3E357EF66284}.Release|Any CPU.ActiveCfg = Release|Any CPU
		{9900BBCA-48D4-4236-A37A-3E357EF66284}.Release|Any CPU.Build.0 = Release|Any CPU
	EndGlobalSection
	GlobalSection(SolutionProperties) = preSolution
		HideSolutionNode = FALSE
	EndGlobalSection
	GlobalSection(ExtensibilityGlobals) = postSolution
		SolutionGuid = {6697DDF2-55F2-478F-A00D-B6422544B198}
	EndGlobalSection
EndGlobal
